
Microsoft Visual Studio Solution File, Format Version 12.00
# Visual Studio Version 17
VisualStudioVersion = 17.10.35027.167
MinimumVisualStudioVersion = 10.0.40219.1
Project("{FAE04EC0-301F-11D3-BF4B-00C04F79EFBC}") = "WebApplication1", "WebApplication1\WebApplication1.csproj", "{460B3C8C-EA3C-41F9-B690-469B0E96CCFE}"
EndProject
Project("{FAE04EC0-301F-11D3-BF4B-00C04F79EFBC}") = "Repository", "Repository\Repository.csproj", "{865199CE-F74A-44ED-AB54-A6DBE4DF5E8A}"
EndProject
Project("{FAE04EC0-301F-11D3-BF4B-00C04F79EFBC}") = "Service", "Service\Service.csproj", "{F0689808-E7E5-41FC-A9B6-D923BEC8E19B}"
EndProject
Project("{FAE04EC0-301F-11D3-BF4B-00C04F79EFBC}") = "Models", "Models\Models.csproj", "{B3518D71-FD38-401D-89B0-4769AE2DCCC1}"
EndProject
Global
	GlobalSection(SolutionConfigurationPlatforms) = preSolution
		Debug|Any CPU = Debug|Any CPU
		Release|Any CPU = Release|Any CPU
	EndGlobalSection
	GlobalSection(ProjectConfigurationPlatforms) = postSolution
		{460B3C8C-EA3C-41F9-B690-469B0E96CCFE}.Debug|Any CPU.ActiveCfg = Debug|Any CPU
		{460B3C8C-EA3C-41F9-B690-469B0E96CCFE}.Debug|Any CPU.Build.0 = Debug|Any CPU
		{460B3C8C-EA3C-41F9-B690-469B0E96CCFE}.Release|Any CPU.ActiveCfg = Release|Any CPU
		{460B3C8C-EA3C-41F9-B690-469B0E96CCFE}.Release|Any CPU.Build.0 = Release|Any CPU
		{865199CE-F74A-44ED-AB54-A6DBE4DF5E8A}.Debug|Any CPU.ActiveCfg = Debug|Any CPU
		{865199CE-F74A-44ED-AB54-A6DBE4DF5E8A}.Debug|Any CPU.Build.0 = Debug|Any CPU
		{865199CE-F74A-44ED-AB54-A6DBE4DF5E8A}.Release|Any CPU.ActiveCfg = Release|Any CPU
		{865199CE-F74A-44ED-AB54-A6DBE4DF5E8A}.Release|Any CPU.Build.0 = Release|Any CPU
		{F0689808-E7E5-41FC-A9B6-D923BEC8E19B}.Debug|Any CPU.ActiveCfg = Debug|Any CPU
		{F0689808-E7E5-41FC-A9B6-D923BEC8E19B}.Debug|Any CPU.Build.0 = Debug|Any CPU
		{F0689808-E7E5-41FC-A9B6-D923BEC8E19B}.Release|Any CPU.ActiveCfg = Release|Any CPU
		{F0689808-E7E5-41FC-A9B6-D923BEC8E19B}.Release|Any CPU.Build.0 = Release|Any CPU
		{B3518D71-FD38-401D-89B0-4769AE2DCCC1}.Debug|Any CPU.ActiveCfg = Debug|Any CPU
		{B3518D71-FD38-401D-89B0-4769AE2DCCC1}.Debug|Any CPU.Build.0 = Debug|Any CPU
		{B3518D71-FD38-401D-89B0-4769AE2DCCC1}.Release|Any CPU.ActiveCfg = Release|Any CPU
		{B3518D71-FD38-401D-89B0-4769AE2DCCC1}.Release|Any CPU.Build.0 = Release|Any CPU
	EndGlobalSection
	GlobalSection(SolutionProperties) = preSolution
		HideSolutionNode = FALSE
	EndGlobalSection
	GlobalSection(ExtensibilityGlobals) = postSolution
		SolutionGuid = {18BB8BD0-0974-48B4-AAE2-3F01B7716DB8}
	EndGlobalSection
EndGlobal
